Microsoft Visual Studio Solution File, Format Version 12.00
# Visual Studio Version 17
VisualStudioVersion = 17.2.32505.173
MinimumVisualStudioVersion = 10.0.40219.1
Project("{9A19103F-16F7-4668-BE54-9A1E7A4F7556}") = "Trigger.Sample", "Trigger.Sample\Trigger.Sample.csproj", "{F49214EA-0D88-4E52-AEE1-8B83A054D3B6}"
EndProject
Project("{9A19103F-16F7-4668-BE54-9A1E7A4F7556}") = "WebJobs.Extension.Solace", "WebJobs.Extension.Solace\WebJobs.Extension.Solace.csproj", "{3C50A7A2-02F2-4C96-AE39-76DFCF571575}"
EndProject
Global
	GlobalSection(SolutionConfigurationPlatforms) = preSolution
		Debug|Any CPU = Debug|Any CPU
		Release|Any CPU = Release|Any CPU
	EndGlobalSection
	GlobalSection(ProjectConfigurationPlatforms) = postSolution
		{F49214EA-0D88-4E52-AEE1-8B83A054D3B6}.Debug|Any CPU.ActiveCfg = Debug|Any CPU
		{F49214EA-0D88-4E52-AEE1-8B83A054D3B6}.Debug|Any CPU.Build.0 = Debug|Any CPU
		{F49214EA-0D88-4E52-AEE1-8B83A054D3B6}.Release|Any CPU.ActiveCfg = Release|Any CPU
		{F49214EA-0D88-4E52-AEE1-8B83A054D3B6}.Release|Any CPU.Build.0 = Release|Any CPU
		{3C50A7A2-02F2-4C96-AE39-76DFCF571575}.Debug|Any CPU.ActiveCfg = Debug|Any CPU
		{3C50A7A2-02F2-4C96-AE39-76DFCF571575}.Debug|Any CPU.Build.0 = Debug|Any CPU
		{3C50A7A2-02F2-4C96-AE39-76DFCF571575}.Release|Any CPU.ActiveCfg = Release|Any CPU
		{3C50A7A2-02F2-4C96-AE39-76DFCF571575}.Release|Any CPU.Build.0 = Release|Any CPU
	EndGlobalSection
	GlobalSection(SolutionProperties) = preSolution
		HideSolutionNode = FALSE
	EndGlobalSection
	GlobalSection(ExtensibilityGlobals) = postSolution
		SolutionGuid = {C8CDBF3F-7C8C-47AE-86D4-30BE2541FD51}
	EndGlobalSection
EndGlobal
